
Microsoft Visual Studio Solution File, Format Version 12.00
# Visual Studio Version 17
VisualStudioVersion = 17.5.33627.172
MinimumVisualStudioVersion = 10.0.40219.1
Project("{8BC9CEB8-8B4A-11D0-8D11-00A0C91BC942}") = "Vaccine Tracking System version 3", "Vaccine Tracking System version 3\Vaccine Tracking System version 3.vcxproj", "{1EF2A3C9-C625-466B-B3BE-7A763C8AFBC6}"
EndProject
Global
	GlobalSection(SolutionConfigurationPlatforms) = preSolution
		Debug|x64 = Debug|x64
		Release|x64 = Release|x64
	EndGlobalSection
	GlobalSection(ProjectConfigurationPlatforms) = postSolution
		{1EF2A3C9-C625-466B-B3BE-7A763C8AFBC6}.Debug|x64.ActiveCfg = Debug|x64
		{1EF2A3C9-C625-466B-B3BE-7A763C8AFBC6}.Debug|x64.Build.0 = Debug|x64
		{1EF2A3C9-C625-466B-B3BE-7A763C8AFBC6}.Release|x64.ActiveCfg = Release|x64
		{1EF2A3C9-C625-466B-B3BE-7A763C8AFBC6}.Release|x64.Build.0 = Release|x64
	EndGlobalSection
	GlobalSection(SolutionProperties) = preSolution
		HideSolutionNode = FALSE
	EndGlobalSection
	GlobalSection(ExtensibilityGlobals) = postSolution
		SolutionGuid = {54672F98-2861-4739-A38A-D228F41B1EB8}
	EndGlobalSection
EndGlobal
